
Microsoft Visual Studio Solution File, Format Version 12.00
# Visual Studio 15
VisualStudioVersion = 15.0.28010.2026
MinimumVisualStudioVersion = 10.0.40219.1
Project("{FAE04EC0-301F-11D3-BF4B-00C04F79EFBC}") = "LoveHeart", "LoveHeart\LoveHeart.csproj", "{F643453D-1E43-4E24-BB56-1E17DA8598D9}"
EndProject
Global
	GlobalSection(SolutionConfigurationPlatforms) = preSolution
		Debug|Any CPU = Debug|Any CPU
		Release|Any CPU = Release|Any CPU
	EndGlobalSection
	GlobalSection(ProjectConfigurationPlatforms) = postSolution
		{F643453D-1E43-4E24-BB56-1E17DA8598D9}.Debug|Any CPU.ActiveCfg = Debug|Any CPU
		{F643453D-1E43-4E24-BB56-1E17DA8598D9}.Debug|Any CPU.Build.0 = Debug|Any CPU
		{F643453D-1E43-4E24-BB56-1E17DA8598D9}.Release|Any CPU.ActiveCfg = Release|Any CPU
		{F643453D-1E43-4E24-BB56-1E17DA8598D9}.Release|Any CPU.Build.0 = Release|Any CPU
	EndGlobalSection
	GlobalSection(SolutionProperties) = preSolution
		HideSolutionNode = FALSE
	EndGlobalSection
	GlobalSection(ExtensibilityGlobals) = postSolution
		SolutionGuid = {1F3C3D18-BEE6-4B0A-A28B-C5F484505750}
	EndGlobalSection
EndGlobal
